
Microsoft Visual Studio Solution File, Format Version 12.00
# Visual Studio Version 16
VisualStudioVersion = 16.0.30225.117
MinimumVisualStudioVersion = 10.0.40219.1
Project("{FAE04EC0-301F-11D3-BF4B-00C04F79EFBC}") = "PassV2", "PassV2.csproj", "{6EE1DB10-626C-4ACB-BAF7-808CCC04A317}"
EndProject
Global
	GlobalSection(SolutionConfigurationPlatforms) = preSolution
		Debug|Any CPU = Debug|Any CPU
		Release|Any CPU = Release|Any CPU
	EndGlobalSection
	GlobalSection(ProjectConfigurationPlatforms) = postSolution
		{6EE1DB10-626C-4ACB-BAF7-808CCC04A317}.Debug|Any CPU.ActiveCfg = Debug|Any CPU
		{6EE1DB10-626C-4ACB-BAF7-808CCC04A317}.Debug|Any CPU.Build.0 = Debug|Any CPU
		{6EE1DB10-626C-4ACB-BAF7-808CCC04A317}.Release|Any CPU.ActiveCfg = Release|Any CPU
		{6EE1DB10-626C-4ACB-BAF7-808CCC04A317}.Release|Any CPU.Build.0 = Release|Any CPU
	EndGlobalSection
	GlobalSection(SolutionProperties) = preSolution
		HideSolutionNode = FALSE
	EndGlobalSection
	GlobalSection(ExtensibilityGlobals) = postSolution
		SolutionGuid = {A308EA10-886E-47D4-BE5F-14377D84FB04}
	EndGlobalSection
EndGlobal
